
Microsoft Visual Studio Solution File, Format Version 12.00
# Visual Studio Version 16
VisualStudioVersion = 16.0.30128.74
MinimumVisualStudioVersion = 10.0.40219.1
Project("{8BC9CEB8-8B4A-11D0-8D11-00A0C91BC942}") = "Game", "Game\Game.vcxproj", "{F3F1C61F-5456-4E07-89BF-71A651077EBE}"
EndProject
Project("{8BC9CEB8-8B4A-11D0-8D11-00A0C91BC942}") = "Engine", "Engine\Engine.vcxproj", "{78C80D9E-F1E1-4155-9C8E-1F42B45830F7}"
EndProject
Global
	GlobalSection(SolutionConfigurationPlatforms) = preSolution
		Debug|x64 = Debug|x64
		Debug|x86 = Debug|x86
		Release|x64 = Release|x64
		Release|x86 = Release|x86
	EndGlobalSection
	GlobalSection(ProjectConfigurationPlatforms) = postSolution
		{F3F1C61F-5456-4E07-89BF-71A651077EBE}.Debug|x64.ActiveCfg = Debug|x64
		{F3F1C61F-5456-4E07-89BF-71A651077EBE}.Debug|x64.Build.0 = Debug|x64
		{F3F1C61F-5456-4E07-89BF-71A651077EBE}.Debug|x86.ActiveCfg = Debug|Win32
		{F3F1C61F-5456-4E07-89BF-71A651077EBE}.Debug|x86.Build.0 = Debug|Win32
		{F3F1C61F-5456-4E07-89BF-71A651077EBE}.Release|x64.ActiveCfg = Release|x64
		{F3F1C61F-5456-4E07-89BF-71A651077EBE}.Release|x64.Build.0 = Release|x64
		{F3F1C61F-5456-4E07-89BF-71A651077EBE}.Release|x86.ActiveCfg = Release|Win32
		{F3F1C61F-5456-4E07-89BF-71A651077EBE}.Release|x86.Build.0 = Release|Win32
		{78C80D9E-F1E1-4155-9C8E-1F42B45830F7}.Debug|x64.ActiveCfg = Debug|x64
		{78C80D9E-F1E1-4155-9C8E-1F42B45830F7}.Debug|x64.Build.0 = Debug|x64
		{78C80D9E-F1E1-4155-9C8E-1F42B45830F7}.Debug|x86.ActiveCfg = Debug|Win32
		{78C80D9E-F1E1-4155-9C8E-1F42B45830F7}.Debug|x86.Build.0 = Debug|Win32
		{78C80D9E-F1E1-4155-9C8E-1F42B45830F7}.Release|x64.ActiveCfg = Release|x64
		{78C80D9E-F1E1-4155-9C8E-1F42B45830F7}.Release|x64.Build.0 = Release|x64
		{78C80D9E-F1E1-4155-9C8E-1F42B45830F7}.Release|x86.ActiveCfg = Release|Win32
		{78C80D9E-F1E1-4155-9C8E-1F42B45830F7}.Release|x86.Build.0 = Release|Win32
	EndGlobalSection
	GlobalSection(SolutionProperties) = preSolution
		HideSolutionNode = FALSE
	EndGlobalSection
	GlobalSection(ExtensibilityGlobals) = postSolution
		SolutionGuid = {F53D9679-CCD9-4A55-BD23-9C243269ACCB}
	EndGlobalSection
EndGlobal
